
Microsoft Visual Studio Solution File, Format Version 12.00
# Visual Studio Version 17
VisualStudioVersion = 17.4.33122.133
MinimumVisualStudioVersion = 10.0.40219.1
Project("{FAE04EC0-301F-11D3-BF4B-00C04F79EFBC}") = "DeploymentTestApp", "DeploymentTestApp\DeploymentTestApp.csproj", "{F355EF00-08CD-48F1-950E-C21B4AA5FA71}"
EndProject
Global
	GlobalSection(SolutionConfigurationPlatforms) = preSolution
		Debug|Any CPU = Debug|Any CPU
		Release|Any CPU = Release|Any CPU
	EndGlobalSection
	GlobalSection(ProjectConfigurationPlatforms) = postSolution
		{F355EF00-08CD-48F1-950E-C21B4AA5FA71}.Debug|Any CPU.ActiveCfg = Debug|Any CPU
		{F355EF00-08CD-48F1-950E-C21B4AA5FA71}.Debug|Any CPU.Build.0 = Debug|Any CPU
		{F355EF00-08CD-48F1-950E-C21B4AA5FA71}.Release|Any CPU.ActiveCfg = Release|Any CPU
		{F355EF00-08CD-48F1-950E-C21B4AA5FA71}.Release|Any CPU.Build.0 = Release|Any CPU
	EndGlobalSection
	GlobalSection(SolutionProperties) = preSolution
		HideSolutionNode = FALSE
	EndGlobalSection
	GlobalSection(ExtensibilityGlobals) = postSolution
		SolutionGuid = {D5055F7E-48DC-49B1-BA06-EC73A9754DDF}
	EndGlobalSection
EndGlobal
